github.com/NikosGour/logging v0.1.4 h1:sbUn9+/23Be2g+0tU6iR4eLoOHKoNgdl7OyBfCGF7kc=
github.com/NikosGour/logging v0.1.4/go.mod h1:LAqi5AhghslpJwTIukrAdgCMNpN9g3uZ6uLqEHCUBvc=
github.com/ebitengine/purego v0.8.2 h1:jPPGWs2sZ1UgOSgD2bClL0MJIqu58nOmIcBuXr62z1I=
github.com/ebitengine/purego v0.8.2/go.mod h1:iIjxzd6CiRiOG0UyXP+V1+jWqUXVjPKLAI0mRfJZTmQ=
github.com/gen2brain/raylib-go/raylib v0.0.0-20250215042252-db8e47f0e5c5 h1:k8ZAxLgb/p5TvCi5VHFHM8JdnjwShNK4A0bLIwbktAU=
github.com/gen2brain/raylib-go/raylib v0.0.0-20250215042252-db8e47f0e5c5/go.mod h1:BaY76bZk7nw1/kVOSQObPY1v1iwVE1KHAGMfvI6oK1Q=
gitlab.com/metakeule/fmtdate v1.2.2 h1:ce0Qnwo6PAONi6xwPr4YxdxAFIKqNfoMbHG4c49vIjk=
gitlab.com/metakeule/fmtdate v1.2.2/go.mod h1:uZUf21xepWGLp6PgJGBbHeBVWO+/gsKi3Gdh0Fu4lGg=
golang.org/x/exp v0.0.0-20250305212735-054e65f0b394 h1:nDVHiLt8aIbd/VzvPWN6kSOPE7+F/fNFDSXLVYkE/Iw=
golang.org/x/exp v0.0.0-20250305212735-054e65f0b394/go.mod h1:sIifuuw/Yco/y6yb6+bDNfyeQ/MdPUy/hKEMYQV17cM=
golang.org/x/sys v0.31.0 h1:ioabZlmFYtWhL+TRYpcnNlLwhyxaM9kWTDEmfnprqik=
golang.org/x/sys v0.31.0/go.mod h1:BJP2sWEmIv4KK5OTEluFJCKSidICx8ciO85XgH3Ak8k=
